
Microsoft Visual Studio Solution File, Format Version 12.00
# Visual Studio Version 16
VisualStudioVersion = 16.0.30011.22
MinimumVisualStudioVersion = 10.0.40219.1
Project("{FAE04EC0-301F-11D3-BF4B-00C04F79EFBC}") = "FormatoTexto", "FormatoTexto\FormatoTexto.csproj", "{C7050CB7-357D-4F89-8C5B-25673CA0146B}"
EndProject
Global
	GlobalSection(SolutionConfigurationPlatforms) = preSolution
		Debug|Any CPU = Debug|Any CPU
		Release|Any CPU = Release|Any CPU
	EndGlobalSection
	GlobalSection(ProjectConfigurationPlatforms) = postSolution
		{C7050CB7-357D-4F89-8C5B-25673CA0146B}.Debug|Any CPU.ActiveCfg = Debug|Any CPU
		{C7050CB7-357D-4F89-8C5B-25673CA0146B}.Debug|Any CPU.Build.0 = Debug|Any CPU
		{C7050CB7-357D-4F89-8C5B-25673CA0146B}.Release|Any CPU.ActiveCfg = Release|Any CPU
		{C7050CB7-357D-4F89-8C5B-25673CA0146B}.Release|Any CPU.Build.0 = Release|Any CPU
	EndGlobalSection
	GlobalSection(SolutionProperties) = preSolution
		HideSolutionNode = FALSE
	EndGlobalSection
	GlobalSection(ExtensibilityGlobals) = postSolution
		SolutionGuid = {59E95A20-7D86-4153-953A-3C02013F7501}
	EndGlobalSection
EndGlobal
